
Microsoft Visual Studio Solution File, Format Version 12.00
# Visual Studio 14
VisualStudioVersion = 14.0.23107.0
MinimumVisualStudioVersion = 10.0.40219.1
Project("{FAE04EC0-301F-11D3-BF4B-00C04F79EFBC}") = "RDb", "RDb\RDb.csproj", "{042ED989-094E-44DE-BAB5-55DA942594A8}"
EndProject
Project("{FAE04EC0-301F-11D3-BF4B-00C04F79EFBC}") = "RDbDataModel", "RDbEntities\RDbDataModel.csproj", "{B68CB0CE-6754-45D3-8BB5-BF3C3D9A48AA}"
EndProject
Project("{262852C6-CD72-467D-83FE-5EEB1973A190}") = "RDb.App", "RDb.App\RDb.App.jsproj", "{CCB5DDEA-25B2-4AFD-9587-2C812D1306DE}"
EndProject
Global
	GlobalSection(SolutionConfigurationPlatforms) = preSolution
		Debug|Android = Debug|Android
		Debug|Any CPU = Debug|Any CPU
		Debug|ARM = Debug|ARM
		Debug|iOS = Debug|iOS
		Debug|Windows Phone (Universal) = Debug|Windows Phone (Universal)
		Debug|Windows Phone 8 = Debug|Windows Phone 8
		Debug|Windows-AnyCPU = Debug|Windows-AnyCPU
		Debug|Windows-ARM = Debug|Windows-ARM
		Debug|Windows-x64 = Debug|Windows-x64
		Debug|Windows-x86 = Debug|Windows-x86
		Debug|x64 = Debug|x64
		Debug|x86 = Debug|x86
		Release|Android = Release|Android
		Release|Any CPU = Release|Any CPU
		Release|ARM = Release|ARM
		Release|iOS = Release|iOS
		Release|Windows Phone (Universal) = Release|Windows Phone (Universal)
		Release|Windows Phone 8 = Release|Windows Phone 8
		Release|Windows-AnyCPU = Release|Windows-AnyCPU
		Release|Windows-ARM = Release|Windows-ARM
		Release|Windows-x64 = Release|Windows-x64
		Release|Windows-x86 = Release|Windows-x86
		Release|x64 = Release|x64
		Release|x86 = Release|x86
	EndGlobalSection
	GlobalSection(ProjectConfigurationPlatforms) = postSolution
		{042ED989-094E-44DE-BAB5-55DA942594A8}.Debug|Android.ActiveCfg = Debug|Any CPU
		{042ED989-094E-44DE-BAB5-55DA942594A8}.Debug|Android.Build.0 = Debug|Any CPU
		{042ED989-094E-44DE-BAB5-55DA942594A8}.Debug|Any CPU.ActiveCfg = Debug|Any CPU
		{042ED989-094E-44DE-BAB5-55DA942594A8}.Debug|Any CPU.Build.0 = Debug|Any CPU
		{042ED989-094E-44DE-BAB5-55DA942594A8}.Debug|ARM.ActiveCfg = Debug|Any CPU
		{042ED989-094E-44DE-BAB5-55DA942594A8}.Debug|iOS.ActiveCfg = Debug|Any CPU
		{042ED989-094E-44DE-BAB5-55DA942594A8}.Debug|iOS.Build.0 = Debug|Any CPU
		{042ED989-094E-44DE-BAB5-55DA942594A8}.Debug|Windows Phone (Universal).ActiveCfg = Debug|Any CPU
		{042ED989-094E-44DE-BAB5-55DA942594A8}.Debug|Windows Phone (Universal).Build.0 = Debug|Any CPU
		{042ED989-094E-44DE-BAB5-55DA942594A8}.Debug|Windows Phone 8.ActiveCfg = Debug|Any CPU
		{042ED989-094E-44DE-BAB5-55DA942594A8}.Debug|Windows Phone 8.Build.0 = Debug|Any CPU
		{042ED989-094E-44DE-BAB5-55DA942594A8}.Debug|Windows-AnyCPU.ActiveCfg = Debug|Any CPU
		{042ED989-094E-44DE-BAB5-55DA942594A8}.Debug|Windows-AnyCPU.Build.0 = Debug|Any CPU
		{042ED989-094E-44DE-BAB5-55DA942594A8}.Debug|Windows-ARM.ActiveCfg = Debug|Any CPU
		{042ED989-094E-44DE-BAB5-55DA942594A8}.Debug|Windows-ARM.Build.0 = Debug|Any CPU
		{042ED989-094E-44DE-BAB5-55DA942594A8}.Debug|Windows-x64.ActiveCfg = Debug|Any CPU
		{042ED989-094E-44DE-BAB5-55DA942594A8}.Debug|Windows-x64.Build.0 = Debug|Any CPU
		{042ED989-094E-44DE-BAB5-55DA942594A8}.Debug|Windows-x86.ActiveCfg = Debug|Any CPU
		{042ED989-094E-44DE-BAB5-55DA942594A8}.Debug|Windows-x86.Build.0 = Debug|Any CPU
		{042ED989-094E-44DE-BAB5-55DA942594A8}.Debug|x64.ActiveCfg = Debug|Any CPU
		{042ED989-094E-44DE-BAB5-55DA942594A8}.Debug|x86.ActiveCfg = Debug|Any CPU
		{042ED989-094E-44DE-BAB5-55DA942594A8}.Release|Android.ActiveCfg = Release|Any CPU
		{042ED989-094E-44DE-BAB5-55DA942594A8}.Release|Android.Build.0 = Release|Any CPU
		{042ED989-094E-44DE-BAB5-55DA942594A8}.Release|Any CPU.ActiveCfg = Release|Any CPU
		{042ED989-094E-44DE-BAB5-55DA942594A8}.Release|Any CPU.Build.0 = Release|Any CPU
		{042ED989-094E-44DE-BAB5-55DA942594A8}.Release|ARM.ActiveCfg = Release|Any CPU
		{042ED989-094E-44DE-BAB5-55DA942594A8}.Release|iOS.ActiveCfg = Release|Any CPU
		{042ED989-094E-44DE-BAB5-55DA942594A8}.Release|iOS.Build.0 = Release|Any CPU
		{042ED989-094E-44DE-BAB5-55DA942594A8}.Release|Windows Phone (Universal).ActiveCfg = Release|Any CPU
		{042ED989-094E-44DE-BAB5-55DA942594A8}.Release|Windows Phone (Universal).Build.0 = Release|Any CPU
		{042ED989-094E-44DE-BAB5-55DA942594A8}.Release|Windows Phone 8.ActiveCfg = Release|Any CPU
		{042ED989-094E-44DE-BAB5-55DA942594A8}.Release|Windows Phone 8.Build.0 = Release|Any CPU
		{042ED989-094E-44DE-BAB5-55DA942594A8}.Release|Windows-AnyCPU.ActiveCfg = Release|Any CPU
		{042ED989-094E-44DE-BAB5-55DA942594A8}.Release|Windows-AnyCPU.Build.0 = Release|Any CPU
		{042ED989-094E-44DE-BAB5-55DA942594A8}.Release|Windows-ARM.ActiveCfg = Release|Any CPU
		{042ED989-094E-44DE-BAB5-55DA942594A8}.Release|Windows-ARM.Build.0 = Release|Any CPU
		{042ED989-094E-44DE-BAB5-55DA942594A8}.Release|Windows-x64.ActiveCfg = Release|Any CPU
		{042ED989-094E-44DE-BAB5-55DA942594A8}.Release|Windows-x64.Build.0 = Release|Any CPU
		{042ED989-094E-44DE-BAB5-55DA942594A8}.Release|Windows-x86.ActiveCfg = Release|Any CPU
		{042ED989-094E-44DE-BAB5-55DA942594A8}.Release|Windows-x86.Build.0 = Release|Any CPU
		{042ED989-094E-44DE-BAB5-55DA942594A8}.Release|x64.ActiveCfg = Release|Any CPU
		{042ED989-094E-44DE-BAB5-55DA942594A8}.Release|x86.ActiveCfg = Release|Any CPU
		{B68CB0CE-6754-45D3-8BB5-BF3C3D9A48AA}.Debug|Android.ActiveCfg = Debug|Any CPU
		{B68CB0CE-6754-45D3-8BB5-BF3C3D9A48AA}.Debug|Android.Build.0 = Debug|Any CPU
		{B68CB0CE-6754-45D3-8BB5-BF3C3D9A48AA}.Debug|Any CPU.ActiveCfg = Debug|Any CPU
		{B68CB0CE-6754-45D3-8BB5-BF3C3D9A48AA}.Debug|Any CPU.Build.0 = Debug|Any CPU
		{B68CB0CE-6754-45D3-8BB5-BF3C3D9A48AA}.Debug|ARM.ActiveCfg = Debug|Any CPU
		{B68CB0CE-6754-45D3-8BB5-BF3C3D9A48AA}.Debug|iOS.ActiveCfg = Debug|Any CPU
		{B68CB0CE-6754-45D3-8BB5-BF3C3D9A48AA}.Debug|iOS.Build.0 = Debug|Any CPU
		{B68CB0CE-6754-45D3-8BB5-BF3C3D9A48AA}.Debug|Windows Phone (Universal).ActiveCfg = Debug|Any CPU
		{B68CB0CE-6754-45D3-8BB5-BF3C3D9A48AA}.Debug|Windows Phone (Universal).Build.0 = Debug|Any CPU
		{B68CB0CE-6754-45D3-8BB5-BF3C3D9A48AA}.Debug|Windows Phone 8.ActiveCfg = Debug|Any CPU
		{B68CB0CE-6754-45D3-8BB5-BF3C3D9A48AA}.Debug|Windows Phone 8.Build.0 = Debug|Any CPU
		{B68CB0CE-6754-45D3-8BB5-BF3C3D9A48AA}.Debug|Windows-AnyCPU.ActiveCfg = Debug|Any CPU
		{B68CB0CE-6754-45D3-8BB5-BF3C3D9A48AA}.Debug|Windows-AnyCPU.Build.0 = Debug|Any CPU
		{B68CB0CE-6754-45D3-8BB5-BF3C3D9A48AA}.Debug|Windows-ARM.ActiveCfg = Debug|Any CPU
		{B68CB0CE-6754-45D3-8BB5-BF3C3D9A48AA}.Debug|Windows-ARM.Build.0 = Debug|Any CPU
		{B68CB0CE-6754-45D3-8BB5-BF3C3D9A48AA}.Debug|Windows-x64.ActiveCfg = Debug|Any CPU
		{B68CB0CE-6754-45D3-8BB5-BF3C3D9A48AA}.Debug|Windows-x64.Build.0 = Debug|Any CPU
		{B68CB0CE-6754-45D3-8BB5-BF3C3D9A48AA}.Debug|Windows-x86.ActiveCfg = Debug|Any CPU
		{B68CB0CE-6754-45D3-8BB5-BF3C3D9A48AA}.Debug|Windows-x86.Build.0 = Debug|Any CPU
		{B68CB0CE-6754-45D3-8BB5-BF3C3D9A48AA}.Debug|x64.ActiveCfg = Debug|Any CPU
		{B68CB0CE-6754-45D3-8BB5-BF3C3D9A48AA}.Debug|x86.ActiveCfg = Debug|Any CPU
		{B68CB0CE-6754-45D3-8BB5-BF3C3D9A48AA}.Release|Android.ActiveCfg = Release|Any CPU
		{B68CB0CE-6754-45D3-8BB5-BF3C3D9A48AA}.Release|Android.Build.0 = Release|Any CPU
		{B68CB0CE-6754-45D3-8BB5-BF3C3D9A48AA}.Release|Any CPU.ActiveCfg = Release|Any CPU
		{B68CB0CE-6754-45D3-8BB5-BF3C3D9A48AA}.Release|Any CPU.Build.0 = Release|Any CPU
		{B68CB0CE-6754-45D3-8BB5-BF3C3D9A48AA}.Release|ARM.ActiveCfg = Release|Any CPU
		{B68CB0CE-6754-45D3-8BB5-BF3C3D9A48AA}.Release|iOS.ActiveCfg = Release|Any CPU
		{B68CB0CE-6754-45D3-8BB5-BF3C3D9A48AA}.Release|iOS.Build.0 = Release|Any CPU
		{B68CB0CE-6754-45D3-8BB5-BF3C3D9A48AA}.Release|Windows Phone (Universal).ActiveCfg = Release|Any CPU
		{B68CB0CE-6754-45D3-8BB5-BF3C3D9A48AA}.Release|Windows Phone (Universal).Build.0 = Release|Any CPU
		{B68CB0CE-6754-45D3-8BB5-BF3C3D9A48AA}.Release|Windows Phone 8.ActiveCfg = Release|Any CPU
		{B68CB0CE-6754-45D3-8BB5-BF3C3D9A48AA}.Release|Windows Phone 8.Build.0 = Release|Any CPU
		{B68CB0CE-6754-45D3-8BB5-BF3C3D9A48AA}.Release|Windows-AnyCPU.ActiveCfg = Release|Any CPU
		{B68CB0CE-6754-45D3-8BB5-BF3C3D9A48AA}.Release|Windows-AnyCPU.Build.0 = Release|Any CPU
		{B68CB0CE-6754-45D3-8BB5-BF3C3D9A48AA}.Release|Windows-ARM.ActiveCfg = Release|Any CPU
		{B68CB0CE-6754-45D3-8BB5-BF3C3D9A48AA}.Release|Windows-ARM.Build.0 = Release|Any CPU
		{B68CB0CE-6754-45D3-8BB5-BF3C3D9A48AA}.Release|Windows-x64.ActiveCfg = Release|Any CPU
		{B68CB0CE-6754-45D3-8BB5-BF3C3D9A48AA}.Release|Windows-x64.Build.0 = Release|Any CPU
		{B68CB0CE-6754-45D3-8BB5-BF3C3D9A48AA}.Release|Windows-x86.ActiveCfg = Release|Any CPU
		{B68CB0CE-6754-45D3-8BB5-BF3C3D9A48AA}.Release|Windows-x86.Build.0 = Release|Any CPU
		{B68CB0CE-6754-45D3-8BB5-BF3C3D9A48AA}.Release|x64.ActiveCfg = Release|Any CPU
		{B68CB0CE-6754-45D3-8BB5-BF3C3D9A48AA}.Release|x86.ActiveCfg = Release|Any CPU
		{CCB5DDEA-25B2-4AFD-9587-2C812D1306DE}.Debug|Android.ActiveCfg = Debug|Android
		{CCB5DDEA-25B2-4AFD-9587-2C812D1306DE}.Debug|Android.Build.0 = Debug|Android
		{CCB5DDEA-25B2-4AFD-9587-2C812D1306DE}.Debug|Android.Deploy.0 = Debug|Android
		{CCB5DDEA-25B2-4AFD-9587-2C812D1306DE}.Debug|Any CPU.ActiveCfg = Debug|Android
		{CCB5DDEA-25B2-4AFD-9587-2C812D1306DE}.Debug|ARM.ActiveCfg = Debug|Windows-ARM
		{CCB5DDEA-25B2-4AFD-9587-2C812D1306DE}.Debug|iOS.ActiveCfg = Debug|iOS
		{CCB5DDEA-25B2-4AFD-9587-2C812D1306DE}.Debug|iOS.Build.0 = Debug|iOS
		{CCB5DDEA-25B2-4AFD-9587-2C812D1306DE}.Debug|iOS.Deploy.0 = Debug|iOS
		{CCB5DDEA-25B2-4AFD-9587-2C812D1306DE}.Debug|Windows Phone (Universal).ActiveCfg = Debug|Windows Phone (Universal)
		{CCB5DDEA-25B2-4AFD-9587-2C812D1306DE}.Debug|Windows Phone (Universal).Build.0 = Debug|Windows Phone (Universal)
		{CCB5DDEA-25B2-4AFD-9587-2C812D1306DE}.Debug|Windows Phone (Universal).Deploy.0 = Debug|Windows Phone (Universal)
		{CCB5DDEA-25B2-4AFD-9587-2C812D1306DE}.Debug|Windows Phone 8.ActiveCfg = Debug|Windows Phone 8
		{CCB5DDEA-25B2-4AFD-9587-2C812D1306DE}.Debug|Windows Phone 8.Build.0 = Debug|Windows Phone 8
		{CCB5DDEA-25B2-4AFD-9587-2C812D1306DE}.Debug|Windows Phone 8.Deploy.0 = Debug|Windows Phone 8
		{CCB5DDEA-25B2-4AFD-9587-2C812D1306DE}.Debug|Windows-AnyCPU.ActiveCfg = Debug|Windows-AnyCPU
		{CCB5DDEA-25B2-4AFD-9587-2C812D1306DE}.Debug|Windows-AnyCPU.Build.0 = Debug|Windows-AnyCPU
		{CCB5DDEA-25B2-4AFD-9587-2C812D1306DE}.Debug|Windows-AnyCPU.Deploy.0 = Debug|Windows-AnyCPU
		{CCB5DDEA-25B2-4AFD-9587-2C812D1306DE}.Debug|Windows-ARM.ActiveCfg = Debug|Windows-ARM
		{CCB5DDEA-25B2-4AFD-9587-2C812D1306DE}.Debug|Windows-ARM.Build.0 = Debug|Windows-ARM
		{CCB5DDEA-25B2-4AFD-9587-2C812D1306DE}.Debug|Windows-ARM.Deploy.0 = Debug|Windows-ARM
		{CCB5DDEA-25B2-4AFD-9587-2C812D1306DE}.Debug|Windows-x64.ActiveCfg = Debug|Windows-x64
		{CCB5DDEA-25B2-4AFD-9587-2C812D1306DE}.Debug|Windows-x64.Build.0 = Debug|Windows-x64
		{CCB5DDEA-25B2-4AFD-9587-2C812D1306DE}.Debug|Windows-x64.Deploy.0 = Debug|Windows-x64
		{CCB5DDEA-25B2-4AFD-9587-2C812D1306DE}.Debug|Windows-x86.ActiveCfg = Debug|Windows-x86
		{CCB5DDEA-25B2-4AFD-9587-2C812D1306DE}.Debug|Windows-x86.Build.0 = Debug|Windows-x86
		{CCB5DDEA-25B2-4AFD-9587-2C812D1306DE}.Debug|Windows-x86.Deploy.0 = Debug|Windows-x86
		{CCB5DDEA-25B2-4AFD-9587-2C812D1306DE}.Debug|x64.ActiveCfg = Debug|Windows-x64
		{CCB5DDEA-25B2-4AFD-9587-2C812D1306DE}.Debug|x86.ActiveCfg = Debug|Windows-x86
		{CCB5DDEA-25B2-4AFD-9587-2C812D1306DE}.Release|Android.ActiveCfg = Release|Android
		{CCB5DDEA-25B2-4AFD-9587-2C812D1306DE}.Release|Android.Build.0 = Release|Android
		{CCB5DDEA-25B2-4AFD-9587-2C812D1306DE}.Release|Android.Deploy.0 = Release|Android
		{CCB5DDEA-25B2-4AFD-9587-2C812D1306DE}.Release|Any CPU.ActiveCfg = Release|Android
		{CCB5DDEA-25B2-4AFD-9587-2C812D1306DE}.Release|ARM.ActiveCfg = Release|Windows-ARM
		{CCB5DDEA-25B2-4AFD-9587-2C812D1306DE}.Release|iOS.ActiveCfg = Release|iOS
		{CCB5DDEA-25B2-4AFD-9587-2C812D1306DE}.Release|iOS.Build.0 = Release|iOS
		{CCB5DDEA-25B2-4AFD-9587-2C812D1306DE}.Release|iOS.Deploy.0 = Release|iOS
		{CCB5DDEA-25B2-4AFD-9587-2C812D1306DE}.Release|Windows Phone (Universal).ActiveCfg = Release|Windows Phone (Universal)
		{CCB5DDEA-25B2-4AFD-9587-2C812D1306DE}.Release|Windows Phone (Universal).Build.0 = Release|Windows Phone (Universal)
		{CCB5DDEA-25B2-4AFD-9587-2C812D1306DE}.Release|Windows Phone (Universal).Deploy.0 = Release|Windows Phone (Universal)
		{CCB5DDEA-25B2-4AFD-9587-2C812D1306DE}.Release|Windows Phone 8.ActiveCfg = Release|Windows Phone 8
		{CCB5DDEA-25B2-4AFD-9587-2C812D1306DE}.Release|Windows Phone 8.Build.0 = Release|Windows Phone 8
		{CCB5DDEA-25B2-4AFD-9587-2C812D1306DE}.Release|Windows Phone 8.Deploy.0 = Release|Windows Phone 8
		{CCB5DDEA-25B2-4AFD-9587-2C812D1306DE}.Release|Windows-AnyCPU.ActiveCfg = Release|Windows-AnyCPU
		{CCB5DDEA-25B2-4AFD-9587-2C812D1306DE}.Release|Windows-AnyCPU.Build.0 = Release|Windows-AnyCPU
		{CCB5DDEA-25B2-4AFD-9587-2C812D1306DE}.Release|Windows-AnyCPU.Deploy.0 = Release|Windows-AnyCPU
		{CCB5DDEA-25B2-4AFD-9587-2C812D1306DE}.Release|Windows-ARM.ActiveCfg = Release|Windows-ARM
		{CCB5DDEA-25B2-4AFD-9587-2C812D1306DE}.Release|Windows-ARM.Build.0 = Release|Windows-ARM
		{CCB5DDEA-25B2-4AFD-9587-2C812D1306DE}.Release|Windows-ARM.Deploy.0 = Release|Windows-ARM
		{CCB5DDEA-25B2-4AFD-9587-2C812D1306DE}.Release|Windows-x64.ActiveCfg = Release|Windows-x64
		{CCB5DDEA-25B2-4AFD-9587-2C812D1306DE}.Release|Windows-x64.Build.0 = Release|Windows-x64
		{CCB5DDEA-25B2-4AFD-9587-2C812D1306DE}.Release|Windows-x64.Deploy.0 = Release|Windows-x64
		{CCB5DDEA-25B2-4AFD-9587-2C812D1306DE}.Release|Windows-x86.ActiveCfg = Release|Windows-x86
		{CCB5DDEA-25B2-4AFD-9587-2C812D1306DE}.Release|Windows-x86.Build.0 = Release|Windows-x86
		{CCB5DDEA-25B2-4AFD-9587-2C812D1306DE}.Release|Windows-x86.Deploy.0 = Release|Windows-x86
		{CCB5DDEA-25B2-4AFD-9587-2C812D1306DE}.Release|x64.ActiveCfg = Release|Windows-x64
		{CCB5DDEA-25B2-4AFD-9587-2C812D1306DE}.Release|x86.ActiveCfg = Release|Windows-x86
	EndGlobalSection
	GlobalSection(SolutionProperties) = preSolution
		HideSolutionNode = FALSE
	EndGlobalSection
EndGlobal
